{
    "_readme": [
        "This file locks the dependencies of your project to a known state",
        "Read more about it at https://getcomposer.org/doc/01-basic-usage.md#installing-dependencies",
        "This file is @generated automatically"
    ],
    "content-hash": "58f7986d1876a14c19b89c014ff03c82",
    "packages": [
        {
            "name": "nette/security",
            "version": "v3.0.2",
            "source": {
                "type": "git",
                "url": "https://github.com/nette/security.git",
                "reference": "f18cf84a87c241d74d87b484a694cefe18c17061"
            },
            "dist": {
                "type": "zip",
                "url": "https://api.github.com/repos/nette/security/zipball/f18cf84a87c241d74d87b484a694cefe18c17061",
                "reference": "f18cf84a87c241d74d87b484a694cefe18c17061",
                "shasum": ""
            },
            "require": {
                "nette/utils": "^2.4 || ^3.0",
                "php": ">=7.1"
            },
            "conflict": {
                "nette/di": "<3.0-stable"
            },
            "require-dev": {
                "nette/di": "^3.0.0",
                "nette/http": "^3.0.0",
                "nette/tester": "^2.0",
                "tracy/tracy": "^2.4"
            },
            "type": "library",
            "extra": {
                "branch-alias": {
                    "dev-master": "3.0-dev"
                }
            },
            "autoload": {
                "classmap": [
                    "src/"
                ]
            },
            "notification-url": "https://packagist.org/downloads/",
            "license": [
                "BSD-3-Clause",
                "GPL-2.0",
                "GPL-3.0"
            ],
            "authors": [
                {
                    "name": "David Grudl",
                    "homepage": "https://davidgrudl.com"
                },
                {
                    "name": "Nette Community",
                    "homepage": "https://nette.org/contributors"
                }
            ],
            "description": "🔑 Nette Security: provides authentication, authorization and a role-based access control management via ACL (Access Control List)",
            "homepage": "https://nette.org",
            "keywords": [
                "Authentication",
                "acl",
                "authorization",
                "nette"
            ],
            "time": "2019-10-16T11:23:11+00:00"
        },
        {
            "name": "nette/utils",
            "version": "v3.0.2",
            "source": {
                "type": "git",
                "url": "https://github.com/nette/utils.git",
                "reference": "c133e18c922dcf3ad07673077d92d92cef25a148"
            },
            "dist": {
                "type": "zip",
                "url": "https://api.github.com/repos/nette/utils/zipball/c133e18c922dcf3ad07673077d92d92cef25a148",
                "reference": "c133e18c922dcf3ad07673077d92d92cef25a148",
                "shasum": ""
            },
            "require": {
                "php": ">=7.1"
            },
            "require-dev": {
                "nette/tester": "~2.0",
                "tracy/tracy": "^2.3"
            },
            "suggest": {
                "ext-gd": "to use Image",
                "ext-iconv": "to use Strings::webalize() and toAscii()",
                "ext-intl": "to use Strings::webalize(), toAscii(), normalize() and compare()",
                "ext-json": "to use Nette\\Utils\\Json",
                "ext-mbstring": "to use Strings::lower() etc...",
                "ext-tokenizer": "to use Nette\\Utils\\Reflection::getUseStatements()",
                "ext-xml": "to use Strings::length() etc. when mbstring is not available"
            },
            "type": "library",
            "extra": {
                "branch-alias": {
                    "dev-master": "3.0-dev"
                }
            },
            "autoload": {
                "classmap": [
                    "src/"
                ]
            },
            "notification-url": "https://packagist.org/downloads/",
            "license": [
                "BSD-3-Clause",
                "GPL-2.0",
                "GPL-3.0"
            ],
            "authors": [
                {
                    "name": "David Grudl",
                    "homepage": "https://davidgrudl.com"
                },
                {
                    "name": "Nette Community",
                    "homepage": "https://nette.org/contributors"
                }
            ],
            "description": "🛠 Nette Utils: lightweight utilities for string & array manipulation, image handling, safe JSON encoding/decoding, validation, slug or strong password generating etc.",
            "homepage": "https://nette.org",
            "keywords": [
                "array",
                "core",
                "datetime",
                "images",
                "json",
                "nette",
                "paginator",
                "password",
                "slugify",
                "string",
                "unicode",
                "utf-8",
                "utility",
                "validation"
            ],
            "time": "2019-10-21T20:40:16+00:00"
        },
        {
            "name": "nikic/php-parser",
            "version": "v4.3.0",
            "source": {
                "type": "git",
                "url": "https://github.com/nikic/PHP-Parser.git",
                "reference": "9a9981c347c5c49d6dfe5cf826bb882b824080dc"
            },
            "dist": {
                "type": "zip",
                "url": "https://api.github.com/repos/nikic/PHP-Parser/zipball/9a9981c347c5c49d6dfe5cf826bb882b824080dc",
                "reference": "9a9981c347c5c49d6dfe5cf826bb882b824080dc",
                "shasum": ""
            },
            "require": {
                "ext-tokenizer": "*",
                "php": ">=7.0"
            },
            "require-dev": {
                "ircmaxell/php-yacc": "0.0.5",
                "phpunit/phpunit": "^6.5 || ^7.0 || ^8.0"
            },
            "bin": [
                "bin/php-parse"
            ],
            "type": "library",
            "extra": {
                "branch-alias": {
                    "dev-master": "4.3-dev"
                }
            },
            "autoload": {
                "psr-4": {
                    "PhpParser\\": "lib/PhpParser"
                }
            },
            "notification-url": "https://packagist.org/downloads/",
            "license": [
                "BSD-3-Clause"
            ],
            "authors": [
                {
                    "name": "Nikita Popov"
                }
            ],
            "description": "A PHP parser written in PHP",
            "keywords": [
                "parser",
                "php"
            ],
            "time": "2019-11-08T13:50:10+00:00"
        },
        {
            "name": "phpstan/phpstan",
            "version": "0.12.2",
            "source": {
                "type": "git",
                "url": "https://github.com/phpstan/phpstan.git",
                "reference": "15a2c2b7d4195aa712506e14763ef7646ac6a08c"
            },
            "dist": {
                "type": "zip",
                "url": "https://api.github.com/repos/phpstan/phpstan/zipball/15a2c2b7d4195aa712506e14763ef7646ac6a08c",
                "reference": "15a2c2b7d4195aa712506e14763ef7646ac6a08c",
                "shasum": ""
            },
            "require": {
                "nikic/php-parser": "^4.3.0",
                "php": "^7.1"
            },
            "bin": [
                "phpstan",
                "phpstan.phar"
            ],
            "type": "library",
            "extra": {
                "branch-alias": {
                    "dev-master": "0.12-dev"
                }
            },
            "autoload": {
                "files": [
                    "bootstrap.php"
                ]
            },
            "notification-url": "https://packagist.org/downloads/",
            "license": [
                "MIT"
            ],
            "description": "PHPStan - PHP Static Analysis Tool",
            "time": "2019-12-09T09:13:49+00:00"
        }
    ],
    "packages-dev": [
        {
            "name": "phpstan/extension-installer",
            "version": "1.0.3",
            "source": {
                "type": "git",
                "url": "https://github.com/phpstan/extension-installer.git",
                "reference": "295656793c53b5eb73a38486032ad1bd650264bc"
            },
            "dist": {
                "type": "zip",
                "url": "https://api.github.com/repos/phpstan/extension-installer/zipball/295656793c53b5eb73a38486032ad1bd650264bc",
                "reference": "295656793c53b5eb73a38486032ad1bd650264bc",
                "shasum": ""
            },
            "require": {
                "composer-plugin-api": "^1.1",
                "php": "^7.1",
                "phpstan/phpstan": ">=0.11.6"
            },
            "require-dev": {
                "composer/composer": "^1.8",
                "consistence/coding-standard": "^3.8",
                "dealerdirect/phpcodesniffer-composer-installer": "^0.4.4",
                "jakub-onderka/php-parallel-lint": "^1.0",
                "phing/phing": "^2.16",
                "phpstan/phpstan-strict-rules": "^0.11",
                "slevomat/coding-standard": "^5.0.4"
            },
            "type": "composer-plugin",
            "extra": {
                "class": "PHPStan\\ExtensionInstaller\\Plugin"
            },
            "autoload": {
                "psr-4": {
                    "PHPStan\\ExtensionInstaller\\": "src/"
                }
            },
            "notification-url": "https://packagist.org/downloads/",
            "license": [
                "MIT"
            ],
            "description": "Composer plugin for automatic installation of PHPStan extensions",
            "time": "2019-10-18T17:09:48+00:00"
        },
        {
            "name": "phpstan/phpstan-strict-rules",
            "version": "0.12.0",
            "source": {
                "type": "git",
                "url": "https://github.com/phpstan/phpstan-strict-rules.git",
                "reference": "48bbf6f03a0f7341c6b4a83360f3562c3e59a6d2"
            },
            "dist": {
                "type": "zip",
                "url": "https://api.github.com/repos/phpstan/phpstan-strict-rules/zipball/48bbf6f03a0f7341c6b4a83360f3562c3e59a6d2",
                "reference": "48bbf6f03a0f7341c6b4a83360f3562c3e59a6d2",
                "shasum": ""
            },
            "require": {
                "nikic/php-parser": "^4.0",
                "php": "~7.1",
                "phpstan/phpstan": "^0.12"
            },
            "require-dev": {
                "consistence/coding-standard": "^3.0.1",
                "dealerdirect/phpcodesniffer-composer-installer": "^0.4.4",
                "jakub-onderka/php-parallel-lint": "^1.0",
                "localheinz/composer-normalize": "^1.2.0",
                "phing/phing": "^2.16.0",
                "phpstan/phpstan-phpunit": "^0.12",
                "phpunit/phpunit": "^7.0",
                "slevomat/coding-standard": "^4.5.2"
            },
            "type": "phpstan-extension",
            "extra": {
                "branch-alias": {
                    "dev-master": "0.12-dev"
                },
                "phpstan": {
                    "includes": [
                        "rules.neon"
                    ]
                }
            },
            "autoload": {
                "psr-4": {
                    "PHPStan\\": "src/"
                }
            },
            "notification-url": "https://packagist.org/downloads/",
            "license": [
                "MIT"
            ],
            "description": "Extra strict and opinionated rules for PHPStan",
            "time": "2019-11-21T18:03:27+00:00"
        }
    ],
    "aliases": [],
    "minimum-stability": "stable",
    "stability-flags": [],
    "prefer-stable": false,
    "prefer-lowest": false,
    "platform": {
        "php": "^7.1"
    },
    "platform-dev": []
}
